
Microsoft Visual Studio Solution File, Format Version 12.00
# Visual Studio Version 17
VisualStudioVersion = 17.7.34031.279
MinimumVisualStudioVersion = 10.0.40219.1
Project("{FAE04EC0-301F-11D3-BF4B-00C04F79EFBC}") = "EndProject2", "EndProject2\EndProject2.csproj", "{B86D6539-1C48-4EED-8A82-1BE6F27A4747}"
EndProject
Project("{FAE04EC0-301F-11D3-BF4B-00C04F79EFBC}") = "EndProjectLibrary", "EndProjectLibrary\EndProjectLibrary.csproj", "{D05F1A83-DCB1-4ADD-8278-FA300356ECCA}"
EndProject
Global
	GlobalSection(SolutionConfigurationPlatforms) = preSolution
		Debug|Any CPU = Debug|Any CPU
		Release|Any CPU = Release|Any CPU
	EndGlobalSection
	GlobalSection(ProjectConfigurationPlatforms) = postSolution
		{B86D6539-1C48-4EED-8A82-1BE6F27A4747}.Debug|Any CPU.ActiveCfg = Debug|Any CPU
		{B86D6539-1C48-4EED-8A82-1BE6F27A4747}.Debug|Any CPU.Build.0 = Debug|Any CPU
		{B86D6539-1C48-4EED-8A82-1BE6F27A4747}.Release|Any CPU.ActiveCfg = Release|Any CPU
		{B86D6539-1C48-4EED-8A82-1BE6F27A4747}.Release|Any CPU.Build.0 = Release|Any CPU
		{D05F1A83-DCB1-4ADD-8278-FA300356ECCA}.Debug|Any CPU.ActiveCfg = Debug|Any CPU
		{D05F1A83-DCB1-4ADD-8278-FA300356ECCA}.Debug|Any CPU.Build.0 = Debug|Any CPU
		{D05F1A83-DCB1-4ADD-8278-FA300356ECCA}.Release|Any CPU.ActiveCfg = Release|Any CPU
		{D05F1A83-DCB1-4ADD-8278-FA300356ECCA}.Release|Any CPU.Build.0 = Release|Any CPU
	EndGlobalSection
	GlobalSection(SolutionProperties) = preSolution
		HideSolutionNode = FALSE
	EndGlobalSection
	GlobalSection(ExtensibilityGlobals) = postSolution
		SolutionGuid = {AEB2B068-7537-4B4A-B3D8-3880DB7F2B72}
	EndGlobalSection
EndGlobal
